
Microsoft Visual Studio Solution File, Format Version 12.00
# Visual Studio 14
VisualStudioVersion = 14.0.25420.1
MinimumVisualStudioVersion = 10.0.40219.1
Project("{FAE04EC0-301F-11D3-BF4B-00C04F79EFBC}") = "CSC.Web", "CSC.Web\CSC.Web.csproj", "{4770DA3F-FB10-4D3D-9AFF-AD88C4C759B7}"
EndProject
Project("{FAE04EC0-301F-11D3-BF4B-00C04F79EFBC}") = "CSC.DataLibrary", "CSC.DataLibrary\CSC.DataLibrary.csproj", "{396B3C14-6D84-48EF-B3BA-BB10ED7D23BD}"
EndProject
Project("{FAE04EC0-301F-11D3-BF4B-00C04F79EFBC}") = "CSC.Core", "CSC.Core\CSC.Core.csproj", "{7FA1FF05-8104-400F-8AE9-8B7C737E89F6}"
EndProject
Project("{FAE04EC0-301F-11D3-BF4B-00C04F79EFBC}") = "CSC.Auxiliary", "CSC.Auxiliary\CSC.Auxiliary.csproj", "{F1C390B9-18B2-4364-8DF9-3B0CF9963362}"
EndProject
Global
	GlobalSection(SolutionConfigurationPlatforms) = preSolution
		Debug|Any CPU = Debug|Any CPU
		Release|Any CPU = Release|Any CPU
	EndGlobalSection
	GlobalSection(ProjectConfigurationPlatforms) = postSolution
		{4770DA3F-FB10-4D3D-9AFF-AD88C4C759B7}.Debug|Any CPU.ActiveCfg = Debug|Any CPU
		{4770DA3F-FB10-4D3D-9AFF-AD88C4C759B7}.Debug|Any CPU.Build.0 = Debug|Any CPU
		{4770DA3F-FB10-4D3D-9AFF-AD88C4C759B7}.Release|Any CPU.ActiveCfg = Release|Any CPU
		{4770DA3F-FB10-4D3D-9AFF-AD88C4C759B7}.Release|Any CPU.Build.0 = Release|Any CPU
		{396B3C14-6D84-48EF-B3BA-BB10ED7D23BD}.Debug|Any CPU.ActiveCfg = Debug|Any CPU
		{396B3C14-6D84-48EF-B3BA-BB10ED7D23BD}.Debug|Any CPU.Build.0 = Debug|Any CPU
		{396B3C14-6D84-48EF-B3BA-BB10ED7D23BD}.Release|Any CPU.ActiveCfg = Release|Any CPU
		{396B3C14-6D84-48EF-B3BA-BB10ED7D23BD}.Release|Any CPU.Build.0 = Release|Any CPU
		{7FA1FF05-8104-400F-8AE9-8B7C737E89F6}.Debug|Any CPU.ActiveCfg = Debug|Any CPU
		{7FA1FF05-8104-400F-8AE9-8B7C737E89F6}.Debug|Any CPU.Build.0 = Debug|Any CPU
		{7FA1FF05-8104-400F-8AE9-8B7C737E89F6}.Release|Any CPU.ActiveCfg = Release|Any CPU
		{7FA1FF05-8104-400F-8AE9-8B7C737E89F6}.Release|Any CPU.Build.0 = Release|Any CPU
		{F1C390B9-18B2-4364-8DF9-3B0CF9963362}.Debug|Any CPU.ActiveCfg = Debug|Any CPU
		{F1C390B9-18B2-4364-8DF9-3B0CF9963362}.Debug|Any CPU.Build.0 = Debug|Any CPU
		{F1C390B9-18B2-4364-8DF9-3B0CF9963362}.Release|Any CPU.ActiveCfg = Release|Any CPU
		{F1C390B9-18B2-4364-8DF9-3B0CF9963362}.Release|Any CPU.Build.0 = Release|Any CPU
	EndGlobalSection
	GlobalSection(SolutionProperties) = preSolution
		HideSolutionNode = FALSE
	EndGlobalSection
EndGlobal
